{
  "name": "repeat-func",
  "version": "1.0.0",
  "lockfileVersion": 2,
  "requires": true,
  "packages": {
    "": {
      "name": "repeat-func",
      "version": "1.0.0",
      "license": "MIT",
      "devDependencies": {
        "repeat-func": "^1.0.0"
      }
    },
    "node_modules/repeat-func": {
      "version": "1.0.0",
      "resolved": "https://registry.npmjs.org/repeat-func/-/repeat-func-1.0.0.tgz",
      "integrity": "sha512-zhEvIzfVk+IsCEzk/IrDpYQfRmpRfaWVtoGloi+kYE/zgtvDjMeTsoq0Zkk++oTyKn4eBEi9olS+5eY8PHgsaw==",
      "dev": true
    }
  },
  "dependencies": {
    "repeat-func": {
      "version": "1.0.0",
      "resolved": "https://registry.npmjs.org/repeat-func/-/repeat-func-1.0.0.tgz",
      "integrity": "sha512-zhEvIzfVk+IsCEzk/IrDpYQfRmpRfaWVtoGloi+kYE/zgtvDjMeTsoq0Zkk++oTyKn4eBEi9olS+5eY8PHgsaw==",
      "dev": true
    }
  }
}
